
Microsoft Visual Studio Solution File, Format Version 12.00
# Visual Studio Version 17
VisualStudioVersion = 17.2.32526.322
MinimumVisualStudioVersion = 10.0.40219.1
Project("{FAE04EC0-301F-11D3-BF4B-00C04F79EFBC}") = "Control de Gastos", "Control de Gastos\Control de Gastos.csproj", "{BCF42879-78CE-408F-A2EA-7D634132C12C}"
EndProject
Global
	GlobalSection(SolutionConfigurationPlatforms) = preSolution
		Debug|Any CPU = Debug|Any CPU
		Release|Any CPU = Release|Any CPU
	EndGlobalSection
	GlobalSection(ProjectConfigurationPlatforms) = postSolution
		{BCF42879-78CE-408F-A2EA-7D634132C12C}.Debug|Any CPU.ActiveCfg = Debug|Any CPU
		{BCF42879-78CE-408F-A2EA-7D634132C12C}.Debug|Any CPU.Build.0 = Debug|Any CPU
		{BCF42879-78CE-408F-A2EA-7D634132C12C}.Release|Any CPU.ActiveCfg = Release|Any CPU
		{BCF42879-78CE-408F-A2EA-7D634132C12C}.Release|Any CPU.Build.0 = Release|Any CPU
	EndGlobalSection
	GlobalSection(SolutionProperties) = preSolution
		HideSolutionNode = FALSE
	EndGlobalSection
	GlobalSection(ExtensibilityGlobals) = postSolution
		SolutionGuid = {77111002-5BFF-4B1E-A29F-FB7EB8B9FA7F}
	EndGlobalSection
EndGlobal
